
Microsoft Visual Studio Solution File, Format Version 12.00
# Visual Studio 15
VisualStudioVersion = 15.0.27004.2009
MinimumVisualStudioVersion = 10.0.40219.1
Project("{FAE04EC0-301F-11D3-BF4B-00C04F79EFBC}") = "Inheritance", "Inheritance\Inheritance.csproj", "{6C793581-52C6-4390-925C-0D1365C0D912}"
EndProject
Global
	GlobalSection(SolutionConfigurationPlatforms) = preSolution
		Debug|Any CPU = Debug|Any CPU
		Release|Any CPU = Release|Any CPU
	EndGlobalSection
	GlobalSection(ProjectConfigurationPlatforms) = postSolution
		{6C793581-52C6-4390-925C-0D1365C0D912}.Debug|Any CPU.ActiveCfg = Debug|Any CPU
		{6C793581-52C6-4390-925C-0D1365C0D912}.Debug|Any CPU.Build.0 = Debug|Any CPU
		{6C793581-52C6-4390-925C-0D1365C0D912}.Release|Any CPU.ActiveCfg = Release|Any CPU
		{6C793581-52C6-4390-925C-0D1365C0D912}.Release|Any CPU.Build.0 = Release|Any CPU
	EndGlobalSection
	GlobalSection(SolutionProperties) = preSolution
		HideSolutionNode = FALSE
	EndGlobalSection
	GlobalSection(ExtensibilityGlobals) = postSolution
		SolutionGuid = {4A1149ED-D666-403A-A2D9-9F7B26F12B9C}
	EndGlobalSection
EndGlobal
